
Microsoft Visual Studio Solution File, Format Version 10.00
# Visual Studio 2008
Project("{8BC9CEB8-8B4A-11D0-8D11-00A0C91BC942}") = "AutoMutex", "AutoMutex.vcproj", "{EBAE48BF-DA6D-4075-98A5-367932A4E176}"
EndProject
Global
	GlobalSection(SolutionConfigurationPlatforms) = preSolution
		Debug|Win32 = Debug|Win32
		Release|Win32 = Release|Win32
	EndGlobalSection
	GlobalSection(ProjectConfigurationPlatforms) = postSolution
		{EBAE48BF-DA6D-4075-98A5-367932A4E176}.Debug|Win32.ActiveCfg = Debug|Win32
		{EBAE48BF-DA6D-4075-98A5-367932A4E176}.Debug|Win32.Build.0 = Debug|Win32
		{EBAE48BF-DA6D-4075-98A5-367932A4E176}.Release|Win32.ActiveCfg = Release|Win32
		{EBAE48BF-DA6D-4075-98A5-367932A4E176}.Release|Win32.Build.0 = Release|Win32
	EndGlobalSection
	GlobalSection(SolutionProperties) = preSolution
		HideSolutionNode = FALSE
	EndGlobalSection
EndGlobal
